
Microsoft Visual Studio Solution File, Format Version 12.00
# Visual Studio Version 16
VisualStudioVersion = 16.0.29728.190
MinimumVisualStudioVersion = 10.0.40219.1
Project("{2150E333-8FDC-42A3-9474-1A3956D46DE8}") = "src", "src", "{F21B259B-5F01-4D50-8B21-CDD0E5116CDA}"
EndProject
Project("{2150E333-8FDC-42A3-9474-1A3956D46DE8}") = "Solution Items", "Solution Items", "{BDDA1DF6-A1B4-457A-858C-2CB91021C7D8}"
	ProjectSection(SolutionItems) = preProject
		.gitignore = .gitignore
	EndProjectSection
EndProject
Project("{2150E333-8FDC-42A3-9474-1A3956D46DE8}") = "Client", "Client", "{4F088DEB-5D40-4807-9C8A-DF301336FB28}"
EndProject
Project("{2150E333-8FDC-42A3-9474-1A3956D46DE8}") = "Server", "Server", "{269153CD-6ECA-4961-A102-A7E2D369A508}"
EndProject
Project("{F2A71F9B-5D33-465A-A702-920D77279786}") = "BicTacToe.Server", "src\Server\BicTacToe.Server\BicTacToe.Server.fsproj", "{B0557137-0059-49C1-AF95-BE1055B8DB2E}"
EndProject
Project("{6EC3EE1D-3C4E-46DD-8F32-0CC8E7565705}") = "BigTacToe", "src\Client\BigTacToe\BigTacToe.fsproj", "{DF6F097F-6254-442E-A863-2B62E8BE8E19}"
EndProject
Project("{FAE04EC0-301F-11D3-BF4B-00C04F79EFBC}") = "BigTacToe.Droid", "src\Client\BigTacToe.Droid\BigTacToe.Droid.csproj", "{73D3884D-8FE2-415E-8592-0ABB68E3D021}"
EndProject
Project("{FAE04EC0-301F-11D3-BF4B-00C04F79EFBC}") = "BigTacToe.Wpf", "src\Client\BigTacToe.Wpf\BigTacToe.Wpf.csproj", "{C038408C-39BE-4D90-B29C-28F7B63DD8D4}"
EndProject
Global
	GlobalSection(SolutionConfigurationPlatforms) = preSolution
		Ad-Hoc|Any CPU = Ad-Hoc|Any CPU
		Ad-Hoc|ARM = Ad-Hoc|ARM
		Ad-Hoc|iPhone = Ad-Hoc|iPhone
		Ad-Hoc|iPhoneSimulator = Ad-Hoc|iPhoneSimulator
		Ad-Hoc|x64 = Ad-Hoc|x64
		Ad-Hoc|x86 = Ad-Hoc|x86
		AppStore|Any CPU = AppStore|Any CPU
		AppStore|ARM = AppStore|ARM
		AppStore|iPhone = AppStore|iPhone
		AppStore|iPhoneSimulator = AppStore|iPhoneSimulator
		AppStore|x64 = AppStore|x64
		AppStore|x86 = AppStore|x86
		Debug|Any CPU = Debug|Any CPU
		Debug|ARM = Debug|ARM
		Debug|iPhone = Debug|iPhone
		Debug|iPhoneSimulator = Debug|iPhoneSimulator
		Debug|x64 = Debug|x64
		Debug|x86 = Debug|x86
		Release|Any CPU = Release|Any CPU
		Release|ARM = Release|ARM
		Release|iPhone = Release|iPhone
		Release|iPhoneSimulator = Release|iPhoneSimulator
		Release|x64 = Release|x64
		Release|x86 = Release|x86
	EndGlobalSection
	GlobalSection(ProjectConfigurationPlatforms) = postSolution
		{B0557137-0059-49C1-AF95-BE1055B8DB2E}.Ad-Hoc|Any CPU.ActiveCfg = Debug|Any CPU
		{B0557137-0059-49C1-AF95-BE1055B8DB2E}.Ad-Hoc|Any CPU.Build.0 = Debug|Any CPU
		{B0557137-0059-49C1-AF95-BE1055B8DB2E}.Ad-Hoc|ARM.ActiveCfg = Debug|Any CPU
		{B0557137-0059-49C1-AF95-BE1055B8DB2E}.Ad-Hoc|ARM.Build.0 = Debug|Any CPU
		{B0557137-0059-49C1-AF95-BE1055B8DB2E}.Ad-Hoc|iPhone.ActiveCfg = Debug|Any CPU
		{B0557137-0059-49C1-AF95-BE1055B8DB2E}.Ad-Hoc|iPhone.Build.0 = Debug|Any CPU
		{B0557137-0059-49C1-AF95-BE1055B8DB2E}.Ad-Hoc|iPhoneSimulator.ActiveCfg = Debug|Any CPU
		{B0557137-0059-49C1-AF95-BE1055B8DB2E}.Ad-Hoc|iPhoneSimulator.Build.0 = Debug|Any CPU
		{B0557137-0059-49C1-AF95-BE1055B8DB2E}.Ad-Hoc|x64.ActiveCfg = Debug|Any CPU
		{B0557137-0059-49C1-AF95-BE1055B8DB2E}.Ad-Hoc|x64.Build.0 = Debug|Any CPU
		{B0557137-0059-49C1-AF95-BE1055B8DB2E}.Ad-Hoc|x86.ActiveCfg = Debug|Any CPU
		{B0557137-0059-49C1-AF95-BE1055B8DB2E}.Ad-Hoc|x86.Build.0 = Debug|Any CPU
		{B0557137-0059-49C1-AF95-BE1055B8DB2E}.AppStore|Any CPU.ActiveCfg = Debug|Any CPU
		{B0557137-0059-49C1-AF95-BE1055B8DB2E}.AppStore|Any CPU.Build.0 = Debug|Any CPU
		{B0557137-0059-49C1-AF95-BE1055B8DB2E}.AppStore|ARM.ActiveCfg = Debug|Any CPU
		{B0557137-0059-49C1-AF95-BE1055B8DB2E}.AppStore|ARM.Build.0 = Debug|Any CPU
		{B0557137-0059-49C1-AF95-BE1055B8DB2E}.AppStore|iPhone.ActiveCfg = Debug|Any CPU
		{B0557137-0059-49C1-AF95-BE1055B8DB2E}.AppStore|iPhone.Build.0 = Debug|Any CPU
		{B0557137-0059-49C1-AF95-BE1055B8DB2E}.AppStore|iPhoneSimulator.ActiveCfg = Debug|Any CPU
		{B0557137-0059-49C1-AF95-BE1055B8DB2E}.AppStore|iPhoneSimulator.Build.0 = Debug|Any CPU
		{B0557137-0059-49C1-AF95-BE1055B8DB2E}.AppStore|x64.ActiveCfg = Debug|Any CPU
		{B0557137-0059-49C1-AF95-BE1055B8DB2E}.AppStore|x64.Build.0 = Debug|Any CPU
		{B0557137-0059-49C1-AF95-BE1055B8DB2E}.AppStore|x86.ActiveCfg = Debug|Any CPU
		{B0557137-0059-49C1-AF95-BE1055B8DB2E}.AppStore|x86.Build.0 = Debug|Any CPU
		{B0557137-0059-49C1-AF95-BE1055B8DB2E}.Debug|Any CPU.ActiveCfg = Debug|Any CPU
		{B0557137-0059-49C1-AF95-BE1055B8DB2E}.Debug|Any CPU.Build.0 = Debug|Any CPU
		{B0557137-0059-49C1-AF95-BE1055B8DB2E}.Debug|ARM.ActiveCfg = Debug|Any CPU
		{B0557137-0059-49C1-AF95-BE1055B8DB2E}.Debug|ARM.Build.0 = Debug|Any CPU
		{B0557137-0059-49C1-AF95-BE1055B8DB2E}.Debug|iPhone.ActiveCfg = Debug|Any CPU
		{B0557137-0059-49C1-AF95-BE1055B8DB2E}.Debug|iPhone.Build.0 = Debug|Any CPU
		{B0557137-0059-49C1-AF95-BE1055B8DB2E}.Debug|iPhoneSimulator.ActiveCfg = Debug|Any CPU
		{B0557137-0059-49C1-AF95-BE1055B8DB2E}.Debug|iPhoneSimulator.Build.0 = Debug|Any CPU
		{B0557137-0059-49C1-AF95-BE1055B8DB2E}.Debug|x64.ActiveCfg = Debug|Any CPU
		{B0557137-0059-49C1-AF95-BE1055B8DB2E}.Debug|x64.Build.0 = Debug|Any CPU
		{B0557137-0059-49C1-AF95-BE1055B8DB2E}.Debug|x86.ActiveCfg = Debug|Any CPU
		{B0557137-0059-49C1-AF95-BE1055B8DB2E}.Debug|x86.Build.0 = Debug|Any CPU
		{B0557137-0059-49C1-AF95-BE1055B8DB2E}.Release|Any CPU.ActiveCfg = Release|Any CPU
		{B0557137-0059-49C1-AF95-BE1055B8DB2E}.Release|Any CPU.Build.0 = Release|Any CPU
		{B0557137-0059-49C1-AF95-BE1055B8DB2E}.Release|ARM.ActiveCfg = Release|Any CPU
		{B0557137-0059-49C1-AF95-BE1055B8DB2E}.Release|ARM.Build.0 = Release|Any CPU
		{B0557137-0059-49C1-AF95-BE1055B8DB2E}.Release|iPhone.ActiveCfg = Release|Any CPU
		{B0557137-0059-49C1-AF95-BE1055B8DB2E}.Release|iPhone.Build.0 = Release|Any CPU
		{B0557137-0059-49C1-AF95-BE1055B8DB2E}.Release|iPhoneSimulator.ActiveCfg = Release|Any CPU
		{B0557137-0059-49C1-AF95-BE1055B8DB2E}.Release|iPhoneSimulator.Build.0 = Release|Any CPU
		{B0557137-0059-49C1-AF95-BE1055B8DB2E}.Release|x64.ActiveCfg = Release|Any CPU
		{B0557137-0059-49C1-AF95-BE1055B8DB2E}.Release|x64.Build.0 = Release|Any CPU
		{B0557137-0059-49C1-AF95-BE1055B8DB2E}.Release|x86.ActiveCfg = Release|Any CPU
		{B0557137-0059-49C1-AF95-BE1055B8DB2E}.Release|x86.Build.0 = Release|Any CPU
		{DF6F097F-6254-442E-A863-2B62E8BE8E19}.Ad-Hoc|Any CPU.ActiveCfg = Debug|Any CPU
		{DF6F097F-6254-442E-A863-2B62E8BE8E19}.Ad-Hoc|Any CPU.Build.0 = Debug|Any CPU
		{DF6F097F-6254-442E-A863-2B62E8BE8E19}.Ad-Hoc|ARM.ActiveCfg = Debug|Any CPU
		{DF6F097F-6254-442E-A863-2B62E8BE8E19}.Ad-Hoc|ARM.Build.0 = Debug|Any CPU
		{DF6F097F-6254-442E-A863-2B62E8BE8E19}.Ad-Hoc|iPhone.ActiveCfg = Debug|Any CPU
		{DF6F097F-6254-442E-A863-2B62E8BE8E19}.Ad-Hoc|iPhone.Build.0 = Debug|Any CPU
		{DF6F097F-6254-442E-A863-2B62E8BE8E19}.Ad-Hoc|iPhoneSimulator.ActiveCfg = Debug|Any CPU
		{DF6F097F-6254-442E-A863-2B62E8BE8E19}.Ad-Hoc|iPhoneSimulator.Build.0 = Debug|Any CPU
		{DF6F097F-6254-442E-A863-2B62E8BE8E19}.Ad-Hoc|x64.ActiveCfg = Debug|Any CPU
		{DF6F097F-6254-442E-A863-2B62E8BE8E19}.Ad-Hoc|x64.Build.0 = Debug|Any CPU
		{DF6F097F-6254-442E-A863-2B62E8BE8E19}.Ad-Hoc|x86.ActiveCfg = Debug|Any CPU
		{DF6F097F-6254-442E-A863-2B62E8BE8E19}.Ad-Hoc|x86.Build.0 = Debug|Any CPU
		{DF6F097F-6254-442E-A863-2B62E8BE8E19}.AppStore|Any CPU.ActiveCfg = Debug|Any CPU
		{DF6F097F-6254-442E-A863-2B62E8BE8E19}.AppStore|Any CPU.Build.0 = Debug|Any CPU
		{DF6F097F-6254-442E-A863-2B62E8BE8E19}.AppStore|ARM.ActiveCfg = Debug|Any CPU
		{DF6F097F-6254-442E-A863-2B62E8BE8E19}.AppStore|ARM.Build.0 = Debug|Any CPU
		{DF6F097F-6254-442E-A863-2B62E8BE8E19}.AppStore|iPhone.ActiveCfg = Debug|Any CPU
		{DF6F097F-6254-442E-A863-2B62E8BE8E19}.AppStore|iPhone.Build.0 = Debug|Any CPU
		{DF6F097F-6254-442E-A863-2B62E8BE8E19}.AppStore|iPhoneSimulator.ActiveCfg = Debug|Any CPU
		{DF6F097F-6254-442E-A863-2B62E8BE8E19}.AppStore|iPhoneSimulator.Build.0 = Debug|Any CPU
		{DF6F097F-6254-442E-A863-2B62E8BE8E19}.AppStore|x64.ActiveCfg = Debug|Any CPU
		{DF6F097F-6254-442E-A863-2B62E8BE8E19}.AppStore|x64.Build.0 = Debug|Any CPU
		{DF6F097F-6254-442E-A863-2B62E8BE8E19}.AppStore|x86.ActiveCfg = Debug|Any CPU
		{DF6F097F-6254-442E-A863-2B62E8BE8E19}.AppStore|x86.Build.0 = Debug|Any CPU
		{DF6F097F-6254-442E-A863-2B62E8BE8E19}.Debug|Any CPU.ActiveCfg = Debug|Any CPU
		{DF6F097F-6254-442E-A863-2B62E8BE8E19}.Debug|Any CPU.Build.0 = Debug|Any CPU
		{DF6F097F-6254-442E-A863-2B62E8BE8E19}.Debug|ARM.ActiveCfg = Debug|Any CPU
		{DF6F097F-6254-442E-A863-2B62E8BE8E19}.Debug|ARM.Build.0 = Debug|Any CPU
		{DF6F097F-6254-442E-A863-2B62E8BE8E19}.Debug|iPhone.ActiveCfg = Debug|Any CPU
		{DF6F097F-6254-442E-A863-2B62E8BE8E19}.Debug|iPhone.Build.0 = Debug|Any CPU
		{DF6F097F-6254-442E-A863-2B62E8BE8E19}.Debug|iPhoneSimulator.ActiveCfg = Debug|Any CPU
		{DF6F097F-6254-442E-A863-2B62E8BE8E19}.Debug|iPhoneSimulator.Build.0 = Debug|Any CPU
		{DF6F097F-6254-442E-A863-2B62E8BE8E19}.Debug|x64.ActiveCfg = Debug|Any CPU
		{DF6F097F-6254-442E-A863-2B62E8BE8E19}.Debug|x64.Build.0 = Debug|Any CPU
		{DF6F097F-6254-442E-A863-2B62E8BE8E19}.Debug|x86.ActiveCfg = Debug|Any CPU
		{DF6F097F-6254-442E-A863-2B62E8BE8E19}.Debug|x86.Build.0 = Debug|Any CPU
		{DF6F097F-6254-442E-A863-2B62E8BE8E19}.Release|Any CPU.ActiveCfg = Release|Any CPU
		{DF6F097F-6254-442E-A863-2B62E8BE8E19}.Release|Any CPU.Build.0 = Release|Any CPU
		{DF6F097F-6254-442E-A863-2B62E8BE8E19}.Release|ARM.ActiveCfg = Release|Any CPU
		{DF6F097F-6254-442E-A863-2B62E8BE8E19}.Release|ARM.Build.0 = Release|Any CPU
		{DF6F097F-6254-442E-A863-2B62E8BE8E19}.Release|iPhone.ActiveCfg = Release|Any CPU
		{DF6F097F-6254-442E-A863-2B62E8BE8E19}.Release|iPhone.Build.0 = Release|Any CPU
		{DF6F097F-6254-442E-A863-2B62E8BE8E19}.Release|iPhoneSimulator.ActiveCfg = Release|Any CPU
		{DF6F097F-6254-442E-A863-2B62E8BE8E19}.Release|iPhoneSimulator.Build.0 = Release|Any CPU
		{DF6F097F-6254-442E-A863-2B62E8BE8E19}.Release|x64.ActiveCfg = Release|Any CPU
		{DF6F097F-6254-442E-A863-2B62E8BE8E19}.Release|x64.Build.0 = Release|Any CPU
		{DF6F097F-6254-442E-A863-2B62E8BE8E19}.Release|x86.ActiveCfg = Release|Any CPU
		{DF6F097F-6254-442E-A863-2B62E8BE8E19}.Release|x86.Build.0 = Release|Any CPU
		{73D3884D-8FE2-415E-8592-0ABB68E3D021}.Ad-Hoc|Any CPU.ActiveCfg = Release|Any CPU
		{73D3884D-8FE2-415E-8592-0ABB68E3D021}.Ad-Hoc|Any CPU.Build.0 = Release|Any CPU
		{73D3884D-8FE2-415E-8592-0ABB68E3D021}.Ad-Hoc|Any CPU.Deploy.0 = Release|Any CPU
		{73D3884D-8FE2-415E-8592-0ABB68E3D021}.Ad-Hoc|ARM.ActiveCfg = Release|Any CPU
		{73D3884D-8FE2-415E-8592-0ABB68E3D021}.Ad-Hoc|ARM.Build.0 = Release|Any CPU
		{73D3884D-8FE2-415E-8592-0ABB68E3D021}.Ad-Hoc|ARM.Deploy.0 = Release|Any CPU
		{73D3884D-8FE2-415E-8592-0ABB68E3D021}.Ad-Hoc|iPhone.ActiveCfg = Release|Any CPU
		{73D3884D-8FE2-415E-8592-0ABB68E3D021}.Ad-Hoc|iPhone.Build.0 = Release|Any CPU
		{73D3884D-8FE2-415E-8592-0ABB68E3D021}.Ad-Hoc|iPhone.Deploy.0 = Release|Any CPU
		{73D3884D-8FE2-415E-8592-0ABB68E3D021}.Ad-Hoc|iPhoneSimulator.ActiveCfg = Release|Any CPU
		{73D3884D-8FE2-415E-8592-0ABB68E3D021}.Ad-Hoc|iPhoneSimulator.Build.0 = Release|Any CPU
		{73D3884D-8FE2-415E-8592-0ABB68E3D021}.Ad-Hoc|iPhoneSimulator.Deploy.0 = Release|Any CPU
		{73D3884D-8FE2-415E-8592-0ABB68E3D021}.Ad-Hoc|x64.ActiveCfg = Release|Any CPU
		{73D3884D-8FE2-415E-8592-0ABB68E3D021}.Ad-Hoc|x64.Build.0 = Release|Any CPU
		{73D3884D-8FE2-415E-8592-0ABB68E3D021}.Ad-Hoc|x64.Deploy.0 = Release|Any CPU
		{73D3884D-8FE2-415E-8592-0ABB68E3D021}.Ad-Hoc|x86.ActiveCfg = Release|Any CPU
		{73D3884D-8FE2-415E-8592-0ABB68E3D021}.Ad-Hoc|x86.Build.0 = Release|Any CPU
		{73D3884D-8FE2-415E-8592-0ABB68E3D021}.Ad-Hoc|x86.Deploy.0 = Release|Any CPU
		{73D3884D-8FE2-415E-8592-0ABB68E3D021}.AppStore|Any CPU.ActiveCfg = Release|Any CPU
		{73D3884D-8FE2-415E-8592-0ABB68E3D021}.AppStore|Any CPU.Build.0 = Release|Any CPU
		{73D3884D-8FE2-415E-8592-0ABB68E3D021}.AppStore|Any CPU.Deploy.0 = Release|Any CPU
		{73D3884D-8FE2-415E-8592-0ABB68E3D021}.AppStore|ARM.ActiveCfg = Release|Any CPU
		{73D3884D-8FE2-415E-8592-0ABB68E3D021}.AppStore|ARM.Build.0 = Release|Any CPU
		{73D3884D-8FE2-415E-8592-0ABB68E3D021}.AppStore|ARM.Deploy.0 = Release|Any CPU
		{73D3884D-8FE2-415E-8592-0ABB68E3D021}.AppStore|iPhone.ActiveCfg = Release|Any CPU
		{73D3884D-8FE2-415E-8592-0ABB68E3D021}.AppStore|iPhone.Build.0 = Release|Any CPU
		{73D3884D-8FE2-415E-8592-0ABB68E3D021}.AppStore|iPhone.Deploy.0 = Release|Any CPU
		{73D3884D-8FE2-415E-8592-0ABB68E3D021}.AppStore|iPhoneSimulator.ActiveCfg = Release|Any CPU
		{73D3884D-8FE2-415E-8592-0ABB68E3D021}.AppStore|iPhoneSimulator.Build.0 = Release|Any CPU
		{73D3884D-8FE2-415E-8592-0ABB68E3D021}.AppStore|iPhoneSimulator.Deploy.0 = Release|Any CPU
		{73D3884D-8FE2-415E-8592-0ABB68E3D021}.AppStore|x64.ActiveCfg = Release|Any CPU
		{73D3884D-8FE2-415E-8592-0ABB68E3D021}.AppStore|x64.Build.0 = Release|Any CPU
		{73D3884D-8FE2-415E-8592-0ABB68E3D021}.AppStore|x64.Deploy.0 = Release|Any CPU
		{73D3884D-8FE2-415E-8592-0ABB68E3D021}.AppStore|x86.ActiveCfg = Release|Any CPU
		{73D3884D-8FE2-415E-8592-0ABB68E3D021}.AppStore|x86.Build.0 = Release|Any CPU
		{73D3884D-8FE2-415E-8592-0ABB68E3D021}.AppStore|x86.Deploy.0 = Release|Any CPU
		{73D3884D-8FE2-415E-8592-0ABB68E3D021}.Debug|Any CPU.ActiveCfg = Debug|Any CPU
		{73D3884D-8FE2-415E-8592-0ABB68E3D021}.Debug|Any CPU.Build.0 = Debug|Any CPU
		{73D3884D-8FE2-415E-8592-0ABB68E3D021}.Debug|Any CPU.Deploy.0 = Debug|Any CPU
		{73D3884D-8FE2-415E-8592-0ABB68E3D021}.Debug|ARM.ActiveCfg = Debug|Any CPU
		{73D3884D-8FE2-415E-8592-0ABB68E3D021}.Debug|ARM.Build.0 = Debug|Any CPU
		{73D3884D-8FE2-415E-8592-0ABB68E3D021}.Debug|ARM.Deploy.0 = Debug|Any CPU
		{73D3884D-8FE2-415E-8592-0ABB68E3D021}.Debug|iPhone.ActiveCfg = Debug|Any CPU
		{73D3884D-8FE2-415E-8592-0ABB68E3D021}.Debug|iPhone.Build.0 = Debug|Any CPU
		{73D3884D-8FE2-415E-8592-0ABB68E3D021}.Debug|iPhone.Deploy.0 = Debug|Any CPU
		{73D3884D-8FE2-415E-8592-0ABB68E3D021}.Debug|iPhoneSimulator.ActiveCfg = Debug|Any CPU
		{73D3884D-8FE2-415E-8592-0ABB68E3D021}.Debug|iPhoneSimulator.Build.0 = Debug|Any CPU
		{73D3884D-8FE2-415E-8592-0ABB68E3D021}.Debug|iPhoneSimulator.Deploy.0 = Debug|Any CPU
		{73D3884D-8FE2-415E-8592-0ABB68E3D021}.Debug|x64.ActiveCfg = Debug|Any CPU
		{73D3884D-8FE2-415E-8592-0ABB68E3D021}.Debug|x64.Build.0 = Debug|Any CPU
		{73D3884D-8FE2-415E-8592-0ABB68E3D021}.Debug|x64.Deploy.0 = Debug|Any CPU
		{73D3884D-8FE2-415E-8592-0ABB68E3D021}.Debug|x86.ActiveCfg = Debug|Any CPU
		{73D3884D-8FE2-415E-8592-0ABB68E3D021}.Debug|x86.Build.0 = Debug|Any CPU
		{73D3884D-8FE2-415E-8592-0ABB68E3D021}.Debug|x86.Deploy.0 = Debug|Any CPU
		{73D3884D-8FE2-415E-8592-0ABB68E3D021}.Release|Any CPU.ActiveCfg = Release|Any CPU
		{73D3884D-8FE2-415E-8592-0ABB68E3D021}.Release|Any CPU.Build.0 = Release|Any CPU
		{73D3884D-8FE2-415E-8592-0ABB68E3D021}.Release|Any CPU.Deploy.0 = Release|Any CPU
		{73D3884D-8FE2-415E-8592-0ABB68E3D021}.Release|ARM.ActiveCfg = Release|Any CPU
		{73D3884D-8FE2-415E-8592-0ABB68E3D021}.Release|ARM.Build.0 = Release|Any CPU
		{73D3884D-8FE2-415E-8592-0ABB68E3D021}.Release|ARM.Deploy.0 = Release|Any CPU
		{73D3884D-8FE2-415E-8592-0ABB68E3D021}.Release|iPhone.ActiveCfg = Release|Any CPU
		{73D3884D-8FE2-415E-8592-0ABB68E3D021}.Release|iPhone.Build.0 = Release|Any CPU
		{73D3884D-8FE2-415E-8592-0ABB68E3D021}.Release|iPhone.Deploy.0 = Release|Any CPU
		{73D3884D-8FE2-415E-8592-0ABB68E3D021}.Release|iPhoneSimulator.ActiveCfg = Release|Any CPU
		{73D3884D-8FE2-415E-8592-0ABB68E3D021}.Release|iPhoneSimulator.Build.0 = Release|Any CPU
		{73D3884D-8FE2-415E-8592-0ABB68E3D021}.Release|iPhoneSimulator.Deploy.0 = Release|Any CPU
		{73D3884D-8FE2-415E-8592-0ABB68E3D021}.Release|x64.ActiveCfg = Release|Any CPU
		{73D3884D-8FE2-415E-8592-0ABB68E3D021}.Release|x64.Build.0 = Release|Any CPU
		{73D3884D-8FE2-415E-8592-0ABB68E3D021}.Release|x64.Deploy.0 = Release|Any CPU
		{73D3884D-8FE2-415E-8592-0ABB68E3D021}.Release|x86.ActiveCfg = Release|Any CPU
		{73D3884D-8FE2-415E-8592-0ABB68E3D021}.Release|x86.Build.0 = Release|Any CPU
		{73D3884D-8FE2-415E-8592-0ABB68E3D021}.Release|x86.Deploy.0 = Release|Any CPU
		{C038408C-39BE-4D90-B29C-28F7B63DD8D4}.Ad-Hoc|Any CPU.ActiveCfg = Release|Any CPU
		{C038408C-39BE-4D90-B29C-28F7B63DD8D4}.Ad-Hoc|Any CPU.Build.0 = Release|Any CPU
		{C038408C-39BE-4D90-B29C-28F7B63DD8D4}.Ad-Hoc|ARM.ActiveCfg = Release|Any CPU
		{C038408C-39BE-4D90-B29C-28F7B63DD8D4}.Ad-Hoc|ARM.Build.0 = Release|Any CPU
		{C038408C-39BE-4D90-B29C-28F7B63DD8D4}.Ad-Hoc|iPhone.ActiveCfg = Release|Any CPU
		{C038408C-39BE-4D90-B29C-28F7B63DD8D4}.Ad-Hoc|iPhone.Build.0 = Release|Any CPU
		{C038408C-39BE-4D90-B29C-28F7B63DD8D4}.Ad-Hoc|iPhoneSimulator.ActiveCfg = Release|Any CPU
		{C038408C-39BE-4D90-B29C-28F7B63DD8D4}.Ad-Hoc|iPhoneSimulator.Build.0 = Release|Any CPU
		{C038408C-39BE-4D90-B29C-28F7B63DD8D4}.Ad-Hoc|x64.ActiveCfg = Release|Any CPU
		{C038408C-39BE-4D90-B29C-28F7B63DD8D4}.Ad-Hoc|x64.Build.0 = Release|Any CPU
		{C038408C-39BE-4D90-B29C-28F7B63DD8D4}.Ad-Hoc|x86.ActiveCfg = Release|Any CPU
		{C038408C-39BE-4D90-B29C-28F7B63DD8D4}.Ad-Hoc|x86.Build.0 = Release|Any CPU
		{C038408C-39BE-4D90-B29C-28F7B63DD8D4}.AppStore|Any CPU.ActiveCfg = Release|Any CPU
		{C038408C-39BE-4D90-B29C-28F7B63DD8D4}.AppStore|Any CPU.Build.0 = Release|Any CPU
		{C038408C-39BE-4D90-B29C-28F7B63DD8D4}.AppStore|ARM.ActiveCfg = Release|Any CPU
		{C038408C-39BE-4D90-B29C-28F7B63DD8D4}.AppStore|ARM.Build.0 = Release|Any CPU
		{C038408C-39BE-4D90-B29C-28F7B63DD8D4}.AppStore|iPhone.ActiveCfg = Release|Any CPU
		{C038408C-39BE-4D90-B29C-28F7B63DD8D4}.AppStore|iPhone.Build.0 = Release|Any CPU
		{C038408C-39BE-4D90-B29C-28F7B63DD8D4}.AppStore|iPhoneSimulator.ActiveCfg = Release|Any CPU
		{C038408C-39BE-4D90-B29C-28F7B63DD8D4}.AppStore|iPhoneSimulator.Build.0 = Release|Any CPU
		{C038408C-39BE-4D90-B29C-28F7B63DD8D4}.AppStore|x64.ActiveCfg = Release|Any CPU
		{C038408C-39BE-4D90-B29C-28F7B63DD8D4}.AppStore|x64.Build.0 = Release|Any CPU
		{C038408C-39BE-4D90-B29C-28F7B63DD8D4}.AppStore|x86.ActiveCfg = Release|Any CPU
		{C038408C-39BE-4D90-B29C-28F7B63DD8D4}.AppStore|x86.Build.0 = Release|Any CPU
		{C038408C-39BE-4D90-B29C-28F7B63DD8D4}.Debug|Any CPU.ActiveCfg = Debug|Any CPU
		{C038408C-39BE-4D90-B29C-28F7B63DD8D4}.Debug|Any CPU.Build.0 = Debug|Any CPU
		{C038408C-39BE-4D90-B29C-28F7B63DD8D4}.Debug|ARM.ActiveCfg = Debug|Any CPU
		{C038408C-39BE-4D90-B29C-28F7B63DD8D4}.Debug|ARM.Build.0 = Debug|Any CPU
		{C038408C-39BE-4D90-B29C-28F7B63DD8D4}.Debug|iPhone.ActiveCfg = Debug|Any CPU
		{C038408C-39BE-4D90-B29C-28F7B63DD8D4}.Debug|iPhone.Build.0 = Debug|Any CPU
		{C038408C-39BE-4D90-B29C-28F7B63DD8D4}.Debug|iPhoneSimulator.ActiveCfg = Debug|Any CPU
		{C038408C-39BE-4D90-B29C-28F7B63DD8D4}.Debug|iPhoneSimulator.Build.0 = Debug|Any CPU
		{C038408C-39BE-4D90-B29C-28F7B63DD8D4}.Debug|x64.ActiveCfg = Debug|Any CPU
		{C038408C-39BE-4D90-B29C-28F7B63DD8D4}.Debug|x64.Build.0 = Debug|Any CPU
		{C038408C-39BE-4D90-B29C-28F7B63DD8D4}.Debug|x86.ActiveCfg = Debug|Any CPU
		{C038408C-39BE-4D90-B29C-28F7B63DD8D4}.Debug|x86.Build.0 = Debug|Any CPU
		{C038408C-39BE-4D90-B29C-28F7B63DD8D4}.Release|Any CPU.ActiveCfg = Release|Any CPU
		{C038408C-39BE-4D90-B29C-28F7B63DD8D4}.Release|Any CPU.Build.0 = Release|Any CPU
		{C038408C-39BE-4D90-B29C-28F7B63DD8D4}.Release|ARM.ActiveCfg = Release|Any CPU
		{C038408C-39BE-4D90-B29C-28F7B63DD8D4}.Release|ARM.Build.0 = Release|Any CPU
		{C038408C-39BE-4D90-B29C-28F7B63DD8D4}.Release|iPhone.ActiveCfg = Release|Any CPU
		{C038408C-39BE-4D90-B29C-28F7B63DD8D4}.Release|iPhone.Build.0 = Release|Any CPU
		{C038408C-39BE-4D90-B29C-28F7B63DD8D4}.Release|iPhoneSimulator.ActiveCfg = Release|Any CPU
		{C038408C-39BE-4D90-B29C-28F7B63DD8D4}.Release|iPhoneSimulator.Build.0 = Release|Any CPU
		{C038408C-39BE-4D90-B29C-28F7B63DD8D4}.Release|x64.ActiveCfg = Release|Any CPU
		{C038408C-39BE-4D90-B29C-28F7B63DD8D4}.Release|x64.Build.0 = Release|Any CPU
		{C038408C-39BE-4D90-B29C-28F7B63DD8D4}.Release|x86.ActiveCfg = Release|Any CPU
		{C038408C-39BE-4D90-B29C-28F7B63DD8D4}.Release|x86.Build.0 = Release|Any CPU
	EndGlobalSection
	GlobalSection(SolutionProperties) = preSolution
		HideSolutionNode = FALSE
	EndGlobalSection
	GlobalSection(NestedProjects) = preSolution
		{4F088DEB-5D40-4807-9C8A-DF301336FB28} = {F21B259B-5F01-4D50-8B21-CDD0E5116CDA}
		{269153CD-6ECA-4961-A102-A7E2D369A508} = {F21B259B-5F01-4D50-8B21-CDD0E5116CDA}
		{B0557137-0059-49C1-AF95-BE1055B8DB2E} = {269153CD-6ECA-4961-A102-A7E2D369A508}
		{DF6F097F-6254-442E-A863-2B62E8BE8E19} = {4F088DEB-5D40-4807-9C8A-DF301336FB28}
		{73D3884D-8FE2-415E-8592-0ABB68E3D021} = {4F088DEB-5D40-4807-9C8A-DF301336FB28}
		{C038408C-39BE-4D90-B29C-28F7B63DD8D4} = {4F088DEB-5D40-4807-9C8A-DF301336FB28}
	EndGlobalSection
	GlobalSection(ExtensibilityGlobals) = postSolution
		SolutionGuid = {F6D05029-56B8-4E45-AF2D-0E76295DDBA2}
	EndGlobalSection
EndGlobal
